
Microsoft Visual Studio Solution File, Format Version 12.00
# Visual Studio Version 17
VisualStudioVersion = 17.11.35222.181
MinimumVisualStudioVersion = 10.0.40219.1
Project("{9A19103F-16F7-4668-BE54-9A1E7A4F7556}") = "Client", "Client\Client.csproj", "{157D2D4A-EDEC-45AB-B763-47D3EC7315F7}"
EndProject
Project("{9A19103F-16F7-4668-BE54-9A1E7A4F7556}") = "Server", "Server\Server.csproj", "{495DF0CF-01A9-4B58-8967-3AF52F15E5DF}"
EndProject
Project("{FAE04EC0-301F-11D3-BF4B-00C04F79EFBC}") = "ServerUnitTests", "ServerUnitTests\ServerUnitTests.csproj", "{098C747B-C283-43C3-A9EF-CE2839F28E34}"
EndProject
Project("{FAE04EC0-301F-11D3-BF4B-00C04F79EFBC}") = "ClientTest", "clienttest2\ClientTest.csproj", "{4C36FBA1-3572-4086-81B6-67E99689DB9B}"
EndProject
Global
	GlobalSection(SolutionConfigurationPlatforms) = preSolution
		Debug|Any CPU = Debug|Any CPU
		Release|Any CPU = Release|Any CPU
	EndGlobalSection
	GlobalSection(ProjectConfigurationPlatforms) = postSolution
		{157D2D4A-EDEC-45AB-B763-47D3EC7315F7}.Debug|Any CPU.ActiveCfg = Debug|Any CPU
		{157D2D4A-EDEC-45AB-B763-47D3EC7315F7}.Debug|Any CPU.Build.0 = Debug|Any CPU
		{157D2D4A-EDEC-45AB-B763-47D3EC7315F7}.Release|Any CPU.ActiveCfg = Release|Any CPU
		{157D2D4A-EDEC-45AB-B763-47D3EC7315F7}.Release|Any CPU.Build.0 = Release|Any CPU
		{495DF0CF-01A9-4B58-8967-3AF52F15E5DF}.Debug|Any CPU.ActiveCfg = Debug|Any CPU
		{495DF0CF-01A9-4B58-8967-3AF52F15E5DF}.Debug|Any CPU.Build.0 = Debug|Any CPU
		{495DF0CF-01A9-4B58-8967-3AF52F15E5DF}.Release|Any CPU.ActiveCfg = Release|Any CPU
		{495DF0CF-01A9-4B58-8967-3AF52F15E5DF}.Release|Any CPU.Build.0 = Release|Any CPU
		{098C747B-C283-43C3-A9EF-CE2839F28E34}.Debug|Any CPU.ActiveCfg = Debug|Any CPU
		{098C747B-C283-43C3-A9EF-CE2839F28E34}.Debug|Any CPU.Build.0 = Debug|Any CPU
		{098C747B-C283-43C3-A9EF-CE2839F28E34}.Release|Any CPU.ActiveCfg = Release|Any CPU
		{098C747B-C283-43C3-A9EF-CE2839F28E34}.Release|Any CPU.Build.0 = Release|Any CPU
		{4C36FBA1-3572-4086-81B6-67E99689DB9B}.Debug|Any CPU.ActiveCfg = Debug|Any CPU
		{4C36FBA1-3572-4086-81B6-67E99689DB9B}.Debug|Any CPU.Build.0 = Debug|Any CPU
		{4C36FBA1-3572-4086-81B6-67E99689DB9B}.Release|Any CPU.ActiveCfg = Release|Any CPU
		{4C36FBA1-3572-4086-81B6-67E99689DB9B}.Release|Any CPU.Build.0 = Release|Any CPU
	EndGlobalSection
	GlobalSection(SolutionProperties) = preSolution
		HideSolutionNode = FALSE
	EndGlobalSection
	GlobalSection(ExtensibilityGlobals) = postSolution
		SolutionGuid = {4E5CE377-3AE0-42EB-B240-10282B5FA7AD}
	EndGlobalSection
EndGlobal
